
Microsoft Visual Studio Solution File, Format Version 12.00
# Visual Studio Version 16
VisualStudioVersion = 16.0.32228.343
MinimumVisualStudioVersion = 10.0.40219.1
Project("{FAE04EC0-301F-11D3-BF4B-00C04F79EFBC}") = "SBI", "SBI\SBI.csproj", "{BEE1CDFE-8A49-4962-A650-65D59605B2DC}"
EndProject
Global
	GlobalSection(SolutionConfigurationPlatforms) = preSolution
		Debug|Any CPU = Debug|Any CPU
		Release|Any CPU = Release|Any CPU
	EndGlobalSection
	GlobalSection(ProjectConfigurationPlatforms) = postSolution
		{BEE1CDFE-8A49-4962-A650-65D59605B2DC}.Debug|Any CPU.ActiveCfg = Debug|Any CPU
		{BEE1CDFE-8A49-4962-A650-65D59605B2DC}.Debug|Any CPU.Build.0 = Debug|Any CPU
		{BEE1CDFE-8A49-4962-A650-65D59605B2DC}.Release|Any CPU.ActiveCfg = Release|Any CPU
		{BEE1CDFE-8A49-4962-A650-65D59605B2DC}.Release|Any CPU.Build.0 = Release|Any CPU
	EndGlobalSection
	GlobalSection(SolutionProperties) = preSolution
		HideSolutionNode = FALSE
	EndGlobalSection
	GlobalSection(ExtensibilityGlobals) = postSolution
		SolutionGuid = {24F673DC-2416-4608-9B65-AA1ECF76BC91}
	EndGlobalSection
EndGlobal
